// !$*UTF8*$!
{
	archiveVersion = 1;
	classes = {
	};
	objectVersion = 46;
	objects = {

/* Begin PBXBuildFile section */
		CF9404D01DB5064200025AD1 /* AppDelegate.swift in Sources */ = {isa = PBXBuildFile; fileRef = CF9404CF1DB5064200025AD1 /* AppDelegate.swift */; };
		CF9404D21DB5064200025AD1 /* ViewController.swift in Sources */ = {isa = PBXBuildFile; fileRef = CF9404D11DB5064200025AD1 /* ViewController.swift */; };
		CF9404D51DB5064200025AD1 /* Main.storyboard in Resources */ = {isa = PBXBuildFile; fileRef = CF9404D31DB5064200025AD1 /* Main.storyboard */; };
		CF9404D71DB5064200025AD1 /* Assets.xcassets in Resources */ = {isa = PBXBuildFile; fileRef = CF9404D61DB5064200025AD1 /* Assets.xcassets */; };
		CF9404DA1DB5064200025AD1 /* LaunchScreen.storyboard in Resources */ = {isa = PBXBuildFile; fileRef = CF9404D81DB5064200025AD1 /* LaunchScreen.storyboard */; };
		CF9404E21DB51ACF00025AD1 /* GameBoardViewController.swift in Sources */ = {isa = PBXBuildFile; fileRef = CF9404E11DB51ACF00025AD1 /* GameBoardViewController.swift */; };
		CF9404E41DB5463600025AD1 /* Board.swift in Sources */ = {isa = PBXBuildFile; fileRef = CF9404E31DB5463600025AD1 /* Board.swift */; };
		CF9404E61DB562A100025AD1 /* GameOverViewController.swift in Sources */ = {isa = PBXBuildFile; fileRef = CF9404E51DB562A100025AD1 /* GameOverViewController.swift */; };
/* End PBXBuildFile section */

/* Begin PBXFileReference section */
		CF9404CC1DB5064200025AD1 /* TicTacToe.app */ = {isa = PBXFileReference; explicitFileType = wrapper.application; includeInIndex = 0; path = TicTacToe.app; sourceTree = BUILT_PRODUCTS_DIR; };
		CF9404CF1DB5064200025AD1 /* AppDelegate.swift */ = {isa = PBXFileReference; lastKnownFileType = sourcecode.swift; path = AppDelegate.swift; sourceTree = "<group>"; };
		CF9404D11DB5064200025AD1 /* ViewController.swift */ = {isa = PBXFileReference; lastKnownFileType = sourcecode.swift; path = ViewController.swift; sourceTree = "<group>"; };
		CF9404D41DB5064200025AD1 /* Base */ = {isa = PBXFileReference; lastKnownFileType = file.storyboard; name = Base; path = Base.lproj/Main.storyboard; sourceTree = "<group>"; };
		CF9404D61DB5064200025AD1 /* Assets.xcassets */ = {isa = PBXFileReference; lastKnownFileType = folder.assetcatalog; path = Assets.xcassets; sourceTree = "<group>"; };
		CF9404D91DB5064200025AD1 /* Base */ = {isa = PBXFileReference; lastKnownFileType = file.storyboard; name = Base; path = Base.lproj/LaunchScreen.storyboard; sourceTree = "<group>"; };
		CF9404DB1DB5064200025AD1 /* Info.plist */ = {isa = PBXFileReference; lastKnownFileType = text.plist.xml; path = Info.plist; sourceTree = "<group>"; };
		CF9404E11DB51ACF00025AD1 /* GameBoardViewController.swift */ = {isa = PBXFileReference; fileEncoding = 4; lastKnownFileType = sourcecode.swift; path = GameBoardViewController.swift; sourceTree = "<group>"; };
		CF9404E31DB5463600025AD1 /* Board.swift */ = {isa = PBXFileReference; fileEncoding = 4; lastKnownFileType = sourcecode.swift; path = Board.swift; sourceTree = "<group>"; };
		CF9404E51DB562A100025AD1 /* GameOverViewController.swift */ = {isa = PBXFileReference; fileEncoding = 4; lastKnownFileType = sourcecode.swift; path = GameOverViewController.swift; sourceTree = "<group>"; };
/* End PBXFileReference section */

/* Begin PBXFrameworksBuildPhase section */
		CF9404C91DB5064200025AD1 /* Frameworks */ = {
			isa = PBXFrameworksBuildPhase;
			buildActionMask = 2147483647;
			files = (
			);
			runOnlyForDeploymentPostprocessing = 0;
		};
/* End PBXFrameworksBuildPhase section */

/* Begin PBXGroup section */
		CF9404C31DB5064200025AD1 = {
			isa = PBXGroup;
			children = (
				CF9404CE1DB5064200025AD1 /* TicTacToe */,
				CF9404CD1DB5064200025AD1 /* Products */,
			);
			sourceTree = "<group>";
		};
		CF9404CD1DB5064200025AD1 /* Products */ = {
			isa = PBXGroup;
			children = (
				CF9404CC1DB5064200025AD1 /* TicTacToe.app */,
			);
			name = Products;
			sourceTree = "<group>";
		};
		CF9404CE1DB5064200025AD1 /* TicTacToe */ = {
			isa = PBXGroup;
			children = (
				CF9404CF1DB5064200025AD1 /* AppDelegate.swift */,
				CF9404D11DB5064200025AD1 /* ViewController.swift */,
				CF9404D31DB5064200025AD1 /* Main.storyboard */,
				CF9404D61DB5064200025AD1 /* Assets.xcassets */,
				CF9404D81DB5064200025AD1 /* LaunchScreen.storyboard */,
				CF9404DB1DB5064200025AD1 /* Info.plist */,
				CF9404E11DB51ACF00025AD1 /* GameBoardViewController.swift */,
				CF9404E31DB5463600025AD1 /* Board.swift */,
				CF9404E51DB562A100025AD1 /* GameOverViewController.swift */,
			);
			path = TicTacToe;
			sourceTree = "<group>";
		};
/* End PBXGroup section */

/* Begin PBXNativeTarget section */
		CF9404CB1DB5064200025AD1 /* TicTacToe */ = {
			isa = PBXNativeTarget;
			buildConfigurationList = CF9404DE1DB5064200025AD1 /* Build configuration list for PBXNativeTarget "TicTacToe" */;
			buildPhases = (
				CF9404C81DB5064200025AD1 /* Sources */,
				CF9404C91DB5064200025AD1 /* Frameworks */,
				CF9404CA1DB5064200025AD1 /* Resources */,
			);
			buildRules = (
			);
			dependencies = (
			);
			name = TicTacToe;
			productName = TicTacToe;
			productReference = CF9404CC1DB5064200025AD1 /* TicTacToe.app */;
			productType = "com.apple.product-type.application";
		};
/* End PBXNativeTarget section */

/* Begin PBXProject section */
		CF9404C41DB5064200025AD1 /* Project object */ = {
			isa = PBXProject;
			attributes = {
				LastSwiftUpdateCheck = 0800;
				LastUpgradeCheck = 0800;
				ORGANIZATIONNAME = Interapt;
				TargetAttributes = {
					CF9404CB1DB5064200025AD1 = {
						CreatedOnToolsVersion = 8.0;
						DevelopmentTeam = Y8CEY24W2U;
						ProvisioningStyle = Automatic;
					};
				};
			};
			buildConfigurationList = CF9404C71DB5064200025AD1 /* Build configuration list for PBXProject "TicTacToe" */;
			compatibilityVersion = "Xcode 3.2";
			developmentRegion = English;
			hasScannedForEncodings = 0;
			knownRegions = (
				en,
				Base,
			);
			mainGroup = CF9404C31DB5064200025AD1;
			productRefGroup = CF9404CD1DB5064200025AD1 /* Products */;
			projectDirPath = "";
			projectRoot = "";
			targets = (
				CF9404CB1DB5064200025AD1 /* TicTacToe */,
			);
		};
/* End PBXProject section */

/* Begin PBXResourcesBuildPhase section */
		CF9404CA1DB5064200025AD1 /* Resources */ = {
			isa = PBXResourcesBuildPhase;
			buildActionMask = 2147483647;
			files = (
				CF9404DA1DB5064200025AD1 /* LaunchScreen.storyboard in Resources */,
				CF9404D71DB5064200025AD1 /* Assets.xcassets in Resources */,
				CF9404D51DB5064200025AD1 /* Main.storyboard in Resources */,
			);
			runOnlyForDeploymentPostprocessing = 0;
		};
/* End PBXResourcesBuildPhase section */

/* Begin PBXSourcesBuildPhase section */
		CF9404C81DB5064200025AD1 /* Sources */ = {
			isa = PBXSourcesBuildPhase;
			buildActionMask = 2147483647;
			files = (
				CF9404D21DB5064200025AD1 /* ViewController.swift in Sources */,
				CF9404D01DB5064200025AD1 /* AppDelegate.swift in Sources */,
				CF9404E41DB5463600025AD1 /* Board.swift in Sources */,
				CF9404E21DB51ACF00025AD1 /* GameBoardViewController.swift in Sources */,
				CF9404E61DB562A100025AD1 /* GameOverViewController.swift in Sources */,
			);
			runOnlyForDeploymentPostprocessing = 0;
		};
/* End PBXSourcesBuildPhase section */

/* Begin PBXVariantGroup section */
		CF9404D31DB5064200025AD1 /* Main.storyboard */ = {
			isa = PBXVariantGroup;
			children = (
				CF9404D41DB5064200025AD1 /* Base */,
			);
			name = Main.storyboard;
			sourceTree = "<group>";
		};
		CF9404D81DB5064200025AD1 /* LaunchScreen.storyboard */ = {
			isa = PBXVariantGroup;
			children = (
				CF9404D91DB5064200025AD1 /* Base */,
			);
			name = LaunchScreen.storyboard;
			sourceTree = "<group>";
		};
/* End PBXVariantGroup section */

/* Begin XCBuildConfiguration section */
		CF9404DC1DB5064200025AD1 /* Debug */ = {
			isa = XCBuildConfiguration;
			buildSettings = {
				ALWAYS_SEARCH_USER_PATHS = NO;
				CLANG_ANALYZER_NONNULL = YES;
				CLANG_CXX_LANGUAGE_STANDARD = "gnu++0x";
				CLANG_CXX_LIBRARY = "libc++";
				CLANG_ENABLE_MODULES = YES;
				CLANG_ENABLE_OBJC_ARC = YES;
				CLANG_WARN_BOOL_CONVERSION = YES;
				CLANG_WARN_CONSTANT_CONVERSION = YES;
				CLANG_WARN_DIRECT_OBJC_ISA_USAGE = YES_ERROR;
				CLANG_WARN_DOCUMENTATION_COMMENTS = YES;
				CLANG_WARN_EMPTY_BODY = YES;
				CLANG_WARN_ENUM_CONVERSION = YES;
				CLANG_WARN_INFINITE_RECURSION = YES;
				CLANG_WARN_INT_CONVERSION = YES;
				CLANG_WARN_OBJC_ROOT_CLASS = YES_ERROR;
				CLANG_WARN_SUSPICIOUS_MOVES = YES;
				CLANG_WARN_UNREACHABLE_CODE = YES;
				CLANG_WARN__DUPLICATE_METHOD_MATCH = YES;
				"CODE_SIGN_IDENTITY[sdk=iphoneos*]" = "iPhone Developer";
				COPY_PHASE_STRIP = NO;
				DEBUG_INFORMATION_FORMAT = dwarf;
				ENABLE_STRICT_OBJC_MSGSEND = YES;
				ENABLE_TESTABILITY = YES;
				GCC_C_LANGUAGE_STANDARD = gnu99;
				GCC_DYNAMIC_NO_PIC = NO;
				GCC_NO_COMMON_BLOCKS = YES;
				GCC_OPTIMIZATION_LEVEL = 0;
				GCC_PREPROCESSOR_DEFINITIONS = (
					"DEBUG=1",
					"$(inherited)",
				);
				GCC_WARN_64_TO_32_BIT_CONVERSION = YES;
				GCC_WARN_ABOUT_RETURN_TYPE = YES_ERROR;
				GCC_WARN_UNDECLARED_SELECTOR = YES;
				GCC_WARN_UNINITIALIZED_AUTOS = YES_AGGRESSIVE;
				GCC_WARN_UNUSED_FUNCTION = YES;
				GCC_WARN_UNUSED_VARIABLE = YES;
				IPHONEOS_DEPLOYMENT_TARGET = 10.0;
				MTL_ENABLE_DEBUG_INFO = YES;
				ONLY_ACTIVE_ARCH = YES;
				SDKROOT = iphoneos;
				SWIFT_ACTIVE_COMPILATION_CONDITIONS = DEBUG;
				SWIFT_OPTIMIZATION_LEVEL = "-Onone";
				TARGETED_DEVICE_FAMILY = "1,2";
			};
			name = Debug;
		};
		CF9404DD1DB5064200025AD1 /* Release */ = {
			isa = XCBuildConfiguration;
			buildSettings = {
				ALWAYS_SEARCH_USER_PATHS = NO;
				CLANG_ANALYZER_NONNULL = YES;
				CLANG_CXX_LANGUAGE_STANDARD = "gnu++0x";
				CLANG_CXX_LIBRARY = "libc++";
				CLANG_ENABLE_MODULES = YES;
				CLANG_ENABLE_OBJC_ARC = YES;
				CLANG_WARN_BOOL_CONVERSION = YES;
				CLANG_WARN_CONSTANT_CONVERSION = YES;
				CLANG_WARN_DIRECT_OBJC_ISA_USAGE = YES_ERROR;
				CLANG_WARN_DOCUMENTATION_COMMENTS = YES;
				CLANG_WARN_EMPTY_BODY = YES;
				CLANG_WARN_ENUM_CONVERSION = YES;
				CLANG_WARN_INFINITE_RECURSION = YES;
				CLANG_WARN_INT_CONVERSION = YES;
				CLANG_WARN_OBJC_ROOT_CLASS = YES_ERROR;
				CLANG_WARN_SUSPICIOUS_MOVES = YES;
				CLANG_WARN_UNREACHABLE_CODE = YES;
				CLANG_WARN__DUPLICATE_METHOD_MATCH = YES;
				"CODE_SIGN_IDENTITY[sdk=iphoneos*]" = "iPhone Developer";
				COPY_PHASE_STRIP = NO;
				DEBUG_INFORMATION_FORMAT = "dwarf-with-dsym";
				ENABLE_NS_ASSERTIONS = NO;
				ENABLE_STRICT_OBJC_MSGSEND = YES;
				GCC_C_LANGUAGE_STANDARD = gnu99;
				GCC_NO_COMMON_BLOCKS = YES;
				GCC_WARN_64_TO_32_BIT_CONVERSION = YES;
				GCC_WARN_ABOUT_RETURN_TYPE = YES_ERROR;
				GCC_WARN_UNDECLARED_SELECTOR = YES;
				GCC_WARN_UNINITIALIZED_AUTOS = YES_AGGRESSIVE;
				GCC_WARN_UNUSED_FUNCTION = YES;
				GCC_WARN_UNUSED_VARIABLE = YES;
				IPHONEOS_DEPLOYMENT_TARGET = 10.0;
				MTL_ENABLE_DEBUG_INFO = NO;
				SDKROOT = iphoneos;
				SWIFT_OPTIMIZATION_LEVEL = "-Owholemodule";
				TARGETED_DEVICE_FAMILY = "1,2";
				VALIDATE_PRODUCT = YES;
			};
			name = Release;
		};
		CF9404DF1DB5064200025AD1 /* Debug */ = {
			isa = XCBuildConfiguration;
			buildSettings = {
				ASSETCATALOG_COMPILER_APPICON_NAME = AppIcon;
				DEVELOPMENT_TEAM = Y8CEY24W2U;
				INFOPLIST_FILE = TicTacToe/Info.plist;
				IPHONEOS_DEPLOYMENT_TARGET = 10.0;
				LD_RUNPATH_SEARCH_PATHS = "$(inherited) @executable_path/Frameworks";
				PRODUCT_BUNDLE_IDENTIFIER = com.interapt.TicTacToe;
				PRODUCT_NAME = "$(TARGET_NAME)";
				SWIFT_VERSION = 3.0;
			};
			name = Debug;
		};
		CF9404E01DB5064200025AD1 /* Release */ = {
			isa = XCBuildConfiguration;
			buildSettings = {
				ASSETCATALOG_COMPILER_APPICON_NAME = AppIcon;
				DEVELOPMENT_TEAM = Y8CEY24W2U;
				INFOPLIST_FILE = TicTacToe/Info.plist;
				IPHONEOS_DEPLOYMENT_TARGET = 10.0;
				LD_RUNPATH_SEARCH_PATHS = "$(inherited) @executable_path/Frameworks";
				PRODUCT_BUNDLE_IDENTIFIER = com.interapt.TicTacToe;
				PRODUCT_NAME = "$(TARGET_NAME)";
				SWIFT_VERSION = 3.0;
			};
			name = Release;
		};
/* End XCBuildConfiguration section */

/* Begin XCConfigurationList section */
		CF9404C71DB5064200025AD1 /* Build configuration list for PBXProject "TicTacToe" */ = {
			isa = XCConfigurationList;
			buildConfigurations = (
				CF9404DC1DB5064200025AD1 /* Debug */,
				CF9404DD1DB5064200025AD1 /* Release */,
			);
			defaultConfigurationIsVisible = 0;
			defaultConfigurationName = Release;
		};
		CF9404DE1DB5064200025AD1 /* Build configuration list for PBXNativeTarget "TicTacToe" */ = {
			isa = XCConfigurationList;
			buildConfigurations = (
				CF9404DF1DB5064200025AD1 /* Debug */,
				CF9404E01DB5064200025AD1 /* Release */,
			);
			defaultConfigurationIsVisible = 0;
		};
/* End XCConfigurationList section */
	};
	rootObject = CF9404C41DB5064200025AD1 /* Project object */;
}
